Microsoft Visual Studio Solution File, Format Version 12.00
# Visual Studio Version 17
VisualStudioVersion = 17.1.32328.378
MinimumVisualStudioVersion = 10.0.40219.1
Project("{9A19103F-16F7-4668-BE54-9A1E7A4F7556}") = "NganHangCauHoi.API", "NganHangCauHoi.API\NganHangCauHoi.API.csproj", "{AB34B576-1571-4E08-B194-4BC3C146BFB6}"
EndProject
Project("{9A19103F-16F7-4668-BE54-9A1E7A4F7556}") = "NganHangCauHoi.Service", "NganHangCauHoi.Service\NganHangCauHoi.Service.csproj", "{88F142C2-4DA2-454C-AE31-E5F9591931AB}"
EndProject
Global
	GlobalSection(SolutionConfigurationPlatforms) = preSolution
		Debug|Any CPU = Debug|Any CPU
		Release|Any CPU = Release|Any CPU
	EndGlobalSection
	GlobalSection(ProjectConfigurationPlatforms) = postSolution
		{AB34B576-1571-4E08-B194-4BC3C146BFB6}.Debug|Any CPU.ActiveCfg = Debug|Any CPU
		{AB34B576-1571-4E08-B194-4BC3C146BFB6}.Debug|Any CPU.Build.0 = Debug|Any CPU
		{AB34B576-1571-4E08-B194-4BC3C146BFB6}.Release|Any CPU.ActiveCfg = Release|Any CPU
		{AB34B576-1571-4E08-B194-4BC3C146BFB6}.Release|Any CPU.Build.0 = Release|Any CPU
		{88F142C2-4DA2-454C-AE31-E5F9591931AB}.Debug|Any CPU.ActiveCfg = Debug|Any CPU
		{88F142C2-4DA2-454C-AE31-E5F9591931AB}.Debug|Any CPU.Build.0 = Debug|Any CPU
		{88F142C2-4DA2-454C-AE31-E5F9591931AB}.Release|Any CPU.ActiveCfg = Release|Any CPU
		{88F142C2-4DA2-454C-AE31-E5F9591931AB}.Release|Any CPU.Build.0 = Release|Any CPU
	EndGlobalSection
	GlobalSection(SolutionProperties) = preSolution
		HideSolutionNode = FALSE
	EndGlobalSection
	GlobalSection(ExtensibilityGlobals) = postSolution
		SolutionGuid = {027E9BAE-4309-42F1-A7E6-AA956943733A}
	EndGlobalSection
EndGlobal
